// !$*UTF8*$!
{
	archiveVersion = 1;
	classes = {
	};
	objectVersion = 55;
	objects = {

/* Begin PBXBuildFile section */
		2440A546276F9A2200943B06 /* Swift_RequestApp.swift in Sources */ = {isa = PBXBuildFile; fileRef = 2440A545276F9A2200943B06 /* Swift_RequestApp.swift */; };
		2440A54A276F9A2300943B06 /* Assets.xcassets in Resources */ = {isa = PBXBuildFile; fileRef = 2440A549276F9A2300943B06 /* Assets.xcassets */; };
		2440A54D276F9A2300943B06 /* Preview Assets.xcassets in Resources */ = {isa = PBXBuildFile; fileRef = 2440A54C276F9A2300943B06 /* Preview Assets.xcassets */; };
		2440A54F276F9A2300943B06 /* Persistence.swift in Sources */ = {isa = PBXBuildFile; fileRef = 2440A54E276F9A2300943B06 /* Persistence.swift */; };
		2440A552276F9A2300943B06 /* Swift_Request.xcdatamodeld in Sources */ = {isa = PBXBuildFile; fileRef = 2440A550276F9A2300943B06 /* Swift_Request.xcdatamodeld */; };
		2440A559276F9A4500943B06 /* MainView.swift in Sources */ = {isa = PBXBuildFile; fileRef = 2440A558276F9A4500943B06 /* MainView.swift */; };
		2440A55B276FA08300943B06 /* RequestItem.swift in Sources */ = {isa = PBXBuildFile; fileRef = 2440A55A276FA08300943B06 /* RequestItem.swift */; };
		2440A55F276FCE6000943B06 /* CreateRequestView.swift in Sources */ = {isa = PBXBuildFile; fileRef = 2440A55E276FCE6000943B06 /* CreateRequestView.swift */; };
		244CC7B32770FACE008EA7AD /* ParamItem.swift in Sources */ = {isa = PBXBuildFile; fileRef = 244CC7B22770FACE008EA7AD /* ParamItem.swift */; };
		24F7705D27725C98001C94A9 /* ProjectEntity+CoreDataClass.swift in Sources */ = {isa = PBXBuildFile; fileRef = 24F7705B27725C98001C94A9 /* ProjectEntity+CoreDataClass.swift */; };
		24F7705E27725C98001C94A9 /* ProjectEntity+CoreDataProperties.swift in Sources */ = {isa = PBXBuildFile; fileRef = 24F7705C27725C98001C94A9 /* ProjectEntity+CoreDataProperties.swift */; };
		24F7707C27726180001C94A9 /* ParamEntity+CoreDataClass.swift in Sources */ = {isa = PBXBuildFile; fileRef = 24F7707A27726180001C94A9 /* ParamEntity+CoreDataClass.swift */; };
		24F7707D27726180001C94A9 /* ParamEntity+CoreDataProperties.swift in Sources */ = {isa = PBXBuildFile; fileRef = 24F7707B27726180001C94A9 /* ParamEntity+CoreDataProperties.swift */; };
		24F77080277261F5001C94A9 /* RequestEntity+CoreDataClass.swift in Sources */ = {isa = PBXBuildFile; fileRef = 24F7707E277261F5001C94A9 /* RequestEntity+CoreDataClass.swift */; };
		24F77081277261F5001C94A9 /* RequestEntity+CoreDataProperties.swift in Sources */ = {isa = PBXBuildFile; fileRef = 24F7707F277261F5001C94A9 /* RequestEntity+CoreDataProperties.swift */; };
		24F77083277270F2001C94A9 /* MethodItem.swift in Sources */ = {isa = PBXBuildFile; fileRef = 24F77082277270F2001C94A9 /* MethodItem.swift */; };
		24F770862772716C001C94A9 /* BodyType.swift in Sources */ = {isa = PBXBuildFile; fileRef = 24F770852772716C001C94A9 /* BodyType.swift */; };
		24F7708827727192001C94A9 /* MethodType.swift in Sources */ = {isa = PBXBuildFile; fileRef = 24F7708727727192001C94A9 /* MethodType.swift */; };
		24F7708B27727331001C94A9 /* CreateRequest+UrlSection.swift in Sources */ = {isa = PBXBuildFile; fileRef = 24F7708A27727331001C94A9 /* CreateRequest+UrlSection.swift */; };
		24F7708D2772737F001C94A9 /* CreateRequest+HeaderSection.swift in Sources */ = {isa = PBXBuildFile; fileRef = 24F7708C2772737F001C94A9 /* CreateRequest+HeaderSection.swift */; };
		24F7708F277273BE001C94A9 /* CreateRequest+BodyContent.swift in Sources */ = {isa = PBXBuildFile; fileRef = 24F7708E277273BE001C94A9 /* CreateRequest+BodyContent.swift */; };
/* End PBXBuildFile section */

/* Begin PBXFileReference section */
		2440A542276F9A2200943B06 /* Swift Request.app */ = {isa = PBXFileReference; explicitFileType = wrapper.application; includeInIndex = 0; path = "Swift Request.app"; sourceTree = BUILT_PRODUCTS_DIR; };
		2440A545276F9A2200943B06 /* Swift_RequestApp.swift */ = {isa = PBXFileReference; lastKnownFileType = sourcecode.swift; path = Swift_RequestApp.swift; sourceTree = "<group>"; };
		2440A549276F9A2300943B06 /* Assets.xcassets */ = {isa = PBXFileReference; lastKnownFileType = folder.assetcatalog; path = Assets.xcassets; sourceTree = "<group>"; };
		2440A54C276F9A2300943B06 /* Preview Assets.xcassets */ = {isa = PBXFileReference; lastKnownFileType = folder.assetcatalog; path = "Preview Assets.xcassets"; sourceTree = "<group>"; };
		2440A54E276F9A2300943B06 /* Persistence.swift */ = {isa = PBXFileReference; lastKnownFileType = sourcecode.swift; path = Persistence.swift; sourceTree = "<group>"; };
		2440A551276F9A2300943B06 /* Swift_Request.xcdatamodel */ = {isa = PBXFileReference; lastKnownFileType = wrapper.xcdatamodel; path = Swift_Request.xcdatamodel; sourceTree = "<group>"; };
		2440A558276F9A4500943B06 /* MainView.swift */ = {isa = PBXFileReference; lastKnownFileType = sourcecode.swift; path = MainView.swift; sourceTree = "<group>"; };
		2440A55A276FA08300943B06 /* RequestItem.swift */ = {isa = PBXFileReference; lastKnownFileType = sourcecode.swift; path = RequestItem.swift; sourceTree = "<group>"; };
		2440A55E276FCE6000943B06 /* CreateRequestView.swift */ = {isa = PBXFileReference; lastKnownFileType = sourcecode.swift; path = CreateRequestView.swift; sourceTree = "<group>"; };
		244CC7B22770FACE008EA7AD /* ParamItem.swift */ = {isa = PBXFileReference; lastKnownFileType = sourcecode.swift; path = ParamItem.swift; sourceTree = "<group>"; };
		24F7705B27725C98001C94A9 /* ProjectEntity+CoreDataClass.swift */ = {isa = PBXFileReference; lastKnownFileType = sourcecode.swift; path = "ProjectEntity+CoreDataClass.swift"; sourceTree = SOURCE_ROOT; };
		24F7705C27725C98001C94A9 /* ProjectEntity+CoreDataProperties.swift */ = {isa = PBXFileReference; lastKnownFileType = sourcecode.swift; path = "ProjectEntity+CoreDataProperties.swift"; sourceTree = SOURCE_ROOT; };
		24F770742772600F001C94A9 /* ParamEntity+CoreDataProperties.swift */ = {isa = PBXFileReference; lastKnownFileType = sourcecode.swift; path = "ParamEntity+CoreDataProperties.swift"; sourceTree = SOURCE_ROOT; };
		24F7707627726067001C94A9 /* ParamEntity+CoreDataProperties.swift */ = {isa = PBXFileReference; lastKnownFileType = sourcecode.swift; path = "ParamEntity+CoreDataProperties.swift"; sourceTree = SOURCE_ROOT; };
		24F7707827726099001C94A9 /* ParamEntity+CoreDataProperties.swift */ = {isa = PBXFileReference; lastKnownFileType = sourcecode.swift; path = "ParamEntity+CoreDataProperties.swift"; sourceTree = SOURCE_ROOT; };
		24F7707A27726180001C94A9 /* ParamEntity+CoreDataClass.swift */ = {isa = PBXFileReference; lastKnownFileType = sourcecode.swift; path = "ParamEntity+CoreDataClass.swift"; sourceTree = SOURCE_ROOT; };
		24F7707B27726180001C94A9 /* ParamEntity+CoreDataProperties.swift */ = {isa = PBXFileReference; lastKnownFileType = sourcecode.swift; path = "ParamEntity+CoreDataProperties.swift"; sourceTree = SOURCE_ROOT; };
		24F7707E277261F5001C94A9 /* RequestEntity+CoreDataClass.swift */ = {isa = PBXFileReference; lastKnownFileType = sourcecode.swift; path = "RequestEntity+CoreDataClass.swift"; sourceTree = SOURCE_ROOT; };
		24F7707F277261F5001C94A9 /* RequestEntity+CoreDataProperties.swift */ = {isa = PBXFileReference; lastKnownFileType = sourcecode.swift; path = "RequestEntity+CoreDataProperties.swift"; sourceTree = SOURCE_ROOT; };
		24F77082277270F2001C94A9 /* MethodItem.swift */ = {isa = PBXFileReference; lastKnownFileType = sourcecode.swift; path = MethodItem.swift; sourceTree = "<group>"; };
		24F770852772716C001C94A9 /* BodyType.swift */ = {isa = PBXFileReference; lastKnownFileType = sourcecode.swift; path = BodyType.swift; sourceTree = "<group>"; };
		24F7708727727192001C94A9 /* MethodType.swift */ = {isa = PBXFileReference; lastKnownFileType = sourcecode.swift; path = MethodType.swift; sourceTree = "<group>"; };
		24F7708A27727331001C94A9 /* CreateRequest+UrlSection.swift */ = {isa = PBXFileReference; lastKnownFileType = sourcecode.swift; path = "CreateRequest+UrlSection.swift"; sourceTree = "<group>"; };
		24F7708C2772737F001C94A9 /* CreateRequest+HeaderSection.swift */ = {isa = PBXFileReference; lastKnownFileType = sourcecode.swift; path = "CreateRequest+HeaderSection.swift"; sourceTree = "<group>"; };
		24F7708E277273BE001C94A9 /* CreateRequest+BodyContent.swift */ = {isa = PBXFileReference; lastKnownFileType = sourcecode.swift; path = "CreateRequest+BodyContent.swift"; sourceTree = "<group>"; };
/* End PBXFileReference section */

/* Begin PBXFrameworksBuildPhase section */
		2440A53F276F9A2200943B06 /* Frameworks */ = {
			isa = PBXFrameworksBuildPhase;
			buildActionMask = 2147483647;
			files = (
			);
			runOnlyForDeploymentPostprocessing = 0;
		};
/* End PBXFrameworksBuildPhase section */

/* Begin PBXGroup section */
		2440A539276F9A2200943B06 = {
			isa = PBXGroup;
			children = (
				2440A544276F9A2200943B06 /* Swift Request */,
				2440A543276F9A2200943B06 /* Products */,
			);
			sourceTree = "<group>";
		};
		2440A543276F9A2200943B06 /* Products */ = {
			isa = PBXGroup;
			children = (
				2440A542276F9A2200943B06 /* Swift Request.app */,
			);
			name = Products;
			sourceTree = "<group>";
		};
		2440A544276F9A2200943B06 /* Swift Request */ = {
			isa = PBXGroup;
			children = (
				2440A55D276FC48800943B06 /* View */,
				2440A573276FEA1D00943B06 /* Entity */,
				2440A55C276FC48100943B06 /* Model */,
				2440A545276F9A2200943B06 /* Swift_RequestApp.swift */,
				2440A549276F9A2300943B06 /* Assets.xcassets */,
				2440A550276F9A2300943B06 /* Swift_Request.xcdatamodeld */,
				2440A54B276F9A2300943B06 /* Preview Content */,
			);
			path = "Swift Request";
			sourceTree = "<group>";
		};
		2440A54B276F9A2300943B06 /* Preview Content */ = {
			isa = PBXGroup;
			children = (
				2440A54C276F9A2300943B06 /* Preview Assets.xcassets */,
			);
			path = "Preview Content";
			sourceTree = "<group>";
		};
		2440A55C276FC48100943B06 /* Model */ = {
			isa = PBXGroup;
			children = (
				24F7708427727164001C94A9 /* Enum */,
			);
			path = Model;
			sourceTree = "<group>";
		};
		2440A55D276FC48800943B06 /* View */ = {
			isa = PBXGroup;
			children = (
				2440A558276F9A4500943B06 /* MainView.swift */,
				24F77089277272FC001C94A9 /* CreateRequestView */,
				2440A55A276FA08300943B06 /* RequestItem.swift */,
				244CC7B22770FACE008EA7AD /* ParamItem.swift */,
				24F77082277270F2001C94A9 /* MethodItem.swift */,
			);
			path = View;
			sourceTree = "<group>";
		};
		2440A573276FEA1D00943B06 /* Entity */ = {
			isa = PBXGroup;
			children = (
				244CC7B8277253BB008EA7AD /* Project */,
				2440A57C276FEAC400943B06 /* Request */,
				2440A57D276FEACE00943B06 /* Param */,
				2440A54E276F9A2300943B06 /* Persistence.swift */,
			);
			path = Entity;
			sourceTree = "<group>";
		};
		2440A57C276FEAC400943B06 /* Request */ = {
			isa = PBXGroup;
			children = (
				24F7707E277261F5001C94A9 /* RequestEntity+CoreDataClass.swift */,
				24F7707F277261F5001C94A9 /* RequestEntity+CoreDataProperties.swift */,
			);
			path = Request;
			sourceTree = "<group>";
		};
		2440A57D276FEACE00943B06 /* Param */ = {
			isa = PBXGroup;
			children = (
				24F7707A27726180001C94A9 /* ParamEntity+CoreDataClass.swift */,
				24F7707B27726180001C94A9 /* ParamEntity+CoreDataProperties.swift */,
				24F7706827725E81001C94A9 /* URL */,
				24F7706927725E8A001C94A9 /* Header */,
				24F7706727725E77001C94A9 /* Body */,
			);
			path = Param;
			sourceTree = "<group>";
		};
		244CC7B8277253BB008EA7AD /* Project */ = {
			isa = PBXGroup;
			children = (
				24F7705B27725C98001C94A9 /* ProjectEntity+CoreDataClass.swift */,
				24F7705C27725C98001C94A9 /* ProjectEntity+CoreDataProperties.swift */,
			);
			path = Project;
			sourceTree = "<group>";
		};
		24F7706727725E77001C94A9 /* Body */ = {
			isa = PBXGroup;
			children = (
				24F770742772600F001C94A9 /* ParamEntity+CoreDataProperties.swift */,
			);
			path = Body;
			sourceTree = "<group>";
		};
		24F7706827725E81001C94A9 /* URL */ = {
			isa = PBXGroup;
			children = (
				24F7707827726099001C94A9 /* ParamEntity+CoreDataProperties.swift */,
			);
			path = URL;
			sourceTree = "<group>";
		};
		24F7706927725E8A001C94A9 /* Header */ = {
			isa = PBXGroup;
			children = (
				24F7707627726067001C94A9 /* ParamEntity+CoreDataProperties.swift */,
			);
			path = Header;
			sourceTree = "<group>";
		};
		24F7708427727164001C94A9 /* Enum */ = {
			isa = PBXGroup;
			children = (
				24F770852772716C001C94A9 /* BodyType.swift */,
				24F7708727727192001C94A9 /* MethodType.swift */,
			);
			path = Enum;
			sourceTree = "<group>";
		};
		24F77089277272FC001C94A9 /* CreateRequestView */ = {
			isa = PBXGroup;
			children = (
				2440A55E276FCE6000943B06 /* CreateRequestView.swift */,
				24F7708A27727331001C94A9 /* CreateRequest+UrlSection.swift */,
				24F7708C2772737F001C94A9 /* CreateRequest+HeaderSection.swift */,
				24F7708E277273BE001C94A9 /* CreateRequest+BodyContent.swift */,
			);
			path = CreateRequestView;
			sourceTree = "<group>";
		};
/* End PBXGroup section */

/* Begin PBXNativeTarget section */
		2440A541276F9A2200943B06 /* Swift Request */ = {
			isa = PBXNativeTarget;
			buildConfigurationList = 2440A555276F9A2300943B06 /* Build configuration list for PBXNativeTarget "Swift Request" */;
			buildPhases = (
				2440A53E276F9A2200943B06 /* Sources */,
				2440A53F276F9A2200943B06 /* Frameworks */,
				2440A540276F9A2200943B06 /* Resources */,
			);
			buildRules = (
			);
			dependencies = (
			);
			name = "Swift Request";
			packageProductDependencies = (
			);
			productName = "Swift Request";
			productReference = 2440A542276F9A2200943B06 /* Swift Request.app */;
			productType = "com.apple.product-type.application";
		};
/* End PBXNativeTarget section */

/* Begin PBXProject section */
		2440A53A276F9A2200943B06 /* Project object */ = {
			isa = PBXProject;
			attributes = {
				BuildIndependentTargetsInParallel = 1;
				LastSwiftUpdateCheck = 1320;
				LastUpgradeCheck = 1320;
				TargetAttributes = {
					2440A541276F9A2200943B06 = {
						CreatedOnToolsVersion = 13.2;
					};
				};
			};
			buildConfigurationList = 2440A53D276F9A2200943B06 /* Build configuration list for PBXProject "Swift Request" */;
			compatibilityVersion = "Xcode 13.0";
			developmentRegion = en;
			hasScannedForEncodings = 0;
			knownRegions = (
				en,
				Base,
			);
			mainGroup = 2440A539276F9A2200943B06;
			packageReferences = (
			);
			productRefGroup = 2440A543276F9A2200943B06 /* Products */;
			projectDirPath = "";
			projectRoot = "";
			targets = (
				2440A541276F9A2200943B06 /* Swift Request */,
			);
		};
/* End PBXProject section */

/* Begin PBXResourcesBuildPhase section */
		2440A540276F9A2200943B06 /* Resources */ = {
			isa = PBXResourcesBuildPhase;
			buildActionMask = 2147483647;
			files = (
				2440A54D276F9A2300943B06 /* Preview Assets.xcassets in Resources */,
				2440A54A276F9A2300943B06 /* Assets.xcassets in Resources */,
			);
			runOnlyForDeploymentPostprocessing = 0;
		};
/* End PBXResourcesBuildPhase section */

/* Begin PBXSourcesBuildPhase section */
		2440A53E276F9A2200943B06 /* Sources */ = {
			isa = PBXSourcesBuildPhase;
			buildActionMask = 2147483647;
			files = (
				2440A54F276F9A2300943B06 /* Persistence.swift in Sources */,
				244CC7B32770FACE008EA7AD /* ParamItem.swift in Sources */,
				24F77081277261F5001C94A9 /* RequestEntity+CoreDataProperties.swift in Sources */,
				24F7707D27726180001C94A9 /* ParamEntity+CoreDataProperties.swift in Sources */,
				24F7708F277273BE001C94A9 /* CreateRequest+BodyContent.swift in Sources */,
				2440A55B276FA08300943B06 /* RequestItem.swift in Sources */,
				24F77083277270F2001C94A9 /* MethodItem.swift in Sources */,
				24F770862772716C001C94A9 /* BodyType.swift in Sources */,
				24F7707C27726180001C94A9 /* ParamEntity+CoreDataClass.swift in Sources */,
				2440A546276F9A2200943B06 /* Swift_RequestApp.swift in Sources */,
				24F7705D27725C98001C94A9 /* ProjectEntity+CoreDataClass.swift in Sources */,
				24F7708D2772737F001C94A9 /* CreateRequest+HeaderSection.swift in Sources */,
				2440A559276F9A4500943B06 /* MainView.swift in Sources */,
				24F7705E27725C98001C94A9 /* ProjectEntity+CoreDataProperties.swift in Sources */,
				24F7708B27727331001C94A9 /* CreateRequest+UrlSection.swift in Sources */,
				2440A552276F9A2300943B06 /* Swift_Request.xcdatamodeld in Sources */,
				24F77080277261F5001C94A9 /* RequestEntity+CoreDataClass.swift in Sources */,
				24F7708827727192001C94A9 /* MethodType.swift in Sources */,
				2440A55F276FCE6000943B06 /* CreateRequestView.swift in Sources */,
			);
			runOnlyForDeploymentPostprocessing = 0;
		};
/* End PBXSourcesBuildPhase section */

/* Begin XCBuildConfiguration section */
		2440A553276F9A2300943B06 /* Debug */ = {
			isa = XCBuildConfiguration;
			buildSettings = {
				ALWAYS_SEARCH_USER_PATHS = NO;
				CLANG_ANALYZER_NONNULL = YES;
				CLANG_ANALYZER_NUMBER_OBJECT_CONVERSION = YES_AGGRESSIVE;
				CLANG_CXX_LANGUAGE_STANDARD = "gnu++17";
				CLANG_CXX_LIBRARY = "libc++";
				CLANG_ENABLE_MODULES = YES;
				CLANG_ENABLE_OBJC_ARC = YES;
				CLANG_ENABLE_OBJC_WEAK = YES;
				CLANG_WARN_BLOCK_CAPTURE_AUTORELEASING = YES;
				CLANG_WARN_BOOL_CONVERSION = YES;
				CLANG_WARN_COMMA = YES;
				CLANG_WARN_CONSTANT_CONVERSION = YES;
				CLANG_WARN_DEPRECATED_OBJC_IMPLEMENTATIONS = YES;
				CLANG_WARN_DIRECT_OBJC_ISA_USAGE = YES_ERROR;
				CLANG_WARN_DOCUMENTATION_COMMENTS = YES;
				CLANG_WARN_EMPTY_BODY = YES;
				CLANG_WARN_ENUM_CONVERSION = YES;
				CLANG_WARN_INFINITE_RECURSION = YES;
				CLANG_WARN_INT_CONVERSION = YES;
				CLANG_WARN_NON_LITERAL_NULL_CONVERSION = YES;
				CLANG_WARN_OBJC_IMPLICIT_RETAIN_SELF = YES;
				CLANG_WARN_OBJC_LITERAL_CONVERSION = YES;
				CLANG_WARN_OBJC_ROOT_CLASS = YES_ERROR;
				CLANG_WARN_QUOTED_INCLUDE_IN_FRAMEWORK_HEADER = YES;
				CLANG_WARN_RANGE_LOOP_ANALYSIS = YES;
				CLANG_WARN_STRICT_PROTOTYPES = YES;
				CLANG_WARN_SUSPICIOUS_MOVE = YES;
				CLANG_WARN_UNGUARDED_AVAILABILITY = YES_AGGRESSIVE;
				CLANG_WARN_UNREACHABLE_CODE = YES;
				CLANG_WARN__DUPLICATE_METHOD_MATCH = YES;
				COPY_PHASE_STRIP = NO;
				DEBUG_INFORMATION_FORMAT = dwarf;
				ENABLE_STRICT_OBJC_MSGSEND = YES;
				ENABLE_TESTABILITY = YES;
				GCC_C_LANGUAGE_STANDARD = gnu11;
				GCC_DYNAMIC_NO_PIC = NO;
				GCC_NO_COMMON_BLOCKS = YES;
				GCC_OPTIMIZATION_LEVEL = 0;
				GCC_PREPROCESSOR_DEFINITIONS = (
					"DEBUG=1",
					"$(inherited)",
				);
				GCC_WARN_64_TO_32_BIT_CONVERSION = YES;
				GCC_WARN_ABOUT_RETURN_TYPE = YES_ERROR;
				GCC_WARN_UNDECLARED_SELECTOR = YES;
				GCC_WARN_UNINITIALIZED_AUTOS = YES_AGGRESSIVE;
				GCC_WARN_UNUSED_FUNCTION = YES;
				GCC_WARN_UNUSED_VARIABLE = YES;
				IPHONEOS_DEPLOYMENT_TARGET = 15.2;
				MTL_ENABLE_DEBUG_INFO = INCLUDE_SOURCE;
				MTL_FAST_MATH = YES;
				ONLY_ACTIVE_ARCH = YES;
				SDKROOT = iphoneos;
				SWIFT_ACTIVE_COMPILATION_CONDITIONS = DEBUG;
				SWIFT_OPTIMIZATION_LEVEL = "-Onone";
			};
			name = Debug;
		};
		2440A554276F9A2300943B06 /* Release */ = {
			isa = XCBuildConfiguration;
			buildSettings = {
				ALWAYS_SEARCH_USER_PATHS = NO;
				CLANG_ANALYZER_NONNULL = YES;
				CLANG_ANALYZER_NUMBER_OBJECT_CONVERSION = YES_AGGRESSIVE;
				CLANG_CXX_LANGUAGE_STANDARD = "gnu++17";
				CLANG_CXX_LIBRARY = "libc++";
				CLANG_ENABLE_MODULES = YES;
				CLANG_ENABLE_OBJC_ARC = YES;
				CLANG_ENABLE_OBJC_WEAK = YES;
				CLANG_WARN_BLOCK_CAPTURE_AUTORELEASING = YES;
				CLANG_WARN_BOOL_CONVERSION = YES;
				CLANG_WARN_COMMA = YES;
				CLANG_WARN_CONSTANT_CONVERSION = YES;
				CLANG_WARN_DEPRECATED_OBJC_IMPLEMENTATIONS = YES;
				CLANG_WARN_DIRECT_OBJC_ISA_USAGE = YES_ERROR;
				CLANG_WARN_DOCUMENTATION_COMMENTS = YES;
				CLANG_WARN_EMPTY_BODY = YES;
				CLANG_WARN_ENUM_CONVERSION = YES;
				CLANG_WARN_INFINITE_RECURSION = YES;
				CLANG_WARN_INT_CONVERSION = YES;
				CLANG_WARN_NON_LITERAL_NULL_CONVERSION = YES;
				CLANG_WARN_OBJC_IMPLICIT_RETAIN_SELF = YES;
				CLANG_WARN_OBJC_LITERAL_CONVERSION = YES;
				CLANG_WARN_OBJC_ROOT_CLASS = YES_ERROR;
				CLANG_WARN_QUOTED_INCLUDE_IN_FRAMEWORK_HEADER = YES;
				CLANG_WARN_RANGE_LOOP_ANALYSIS = YES;
				CLANG_WARN_STRICT_PROTOTYPES = YES;
				CLANG_WARN_SUSPICIOUS_MOVE = YES;
				CLANG_WARN_UNGUARDED_AVAILABILITY = YES_AGGRESSIVE;
				CLANG_WARN_UNREACHABLE_CODE = YES;
				CLANG_WARN__DUPLICATE_METHOD_MATCH = YES;
				COPY_PHASE_STRIP = NO;
				DEBUG_INFORMATION_FORMAT = "dwarf-with-dsym";
				ENABLE_NS_ASSERTIONS = NO;
				ENABLE_STRICT_OBJC_MSGSEND = YES;
				GCC_C_LANGUAGE_STANDARD = gnu11;
				GCC_NO_COMMON_BLOCKS = YES;
				GCC_WARN_64_TO_32_BIT_CONVERSION = YES;
				GCC_WARN_ABOUT_RETURN_TYPE = YES_ERROR;
				GCC_WARN_UNDECLARED_SELECTOR = YES;
				GCC_WARN_UNINITIALIZED_AUTOS = YES_AGGRESSIVE;
				GCC_WARN_UNUSED_FUNCTION = YES;
				GCC_WARN_UNUSED_VARIABLE = YES;
				IPHONEOS_DEPLOYMENT_TARGET = 15.2;
				MTL_ENABLE_DEBUG_INFO = NO;
				MTL_FAST_MATH = YES;
				SDKROOT = iphoneos;
				SWIFT_COMPILATION_MODE = wholemodule;
				SWIFT_OPTIMIZATION_LEVEL = "-O";
				VALIDATE_PRODUCT = YES;
			};
			name = Release;
		};
		2440A556276F9A2300943B06 /* Debug */ = {
			isa = XCBuildConfiguration;
			buildSettings = {
				ASSETCATALOG_COMPILER_APPICON_NAME = AppIcon;
				ASSETCATALOG_COMPILER_GLOBAL_ACCENT_COLOR_NAME = AccentColor;
				CODE_SIGN_STYLE = Automatic;
				CURRENT_PROJECT_VERSION = 1;
				DEVELOPMENT_ASSET_PATHS = "\"Swift Request/Preview Content\"";
				DEVELOPMENT_TEAM = MBQ2JLQD83;
				ENABLE_PREVIEWS = YES;
				GENERATE_INFOPLIST_FILE = YES;
				INFOPLIST_KEY_UIApplicationSceneManifest_Generation = YES;
				INFOPLIST_KEY_UIApplicationSupportsIndirectInputEvents = YES;
				INFOPLIST_KEY_UILaunchScreen_Generation = YES;
				INFOPLIST_KEY_UISupportedInterfaceOrientations_iPad = "UIInterfaceOrientationPortrait UIInterfaceOrientationPortraitUpsideDown UIInterfaceOrientationLandscapeLeft UIInterfaceOrientationLandscapeRight";
				INFOPLIST_KEY_UISupportedInterfaceOrientations_iPhone = "UIInterfaceOrientationPortrait UIInterfaceOrientationLandscapeLeft UIInterfaceOrientationLandscapeRight";
				LD_RUNPATH_SEARCH_PATHS = (
					"$(inherited)",
					"@executable_path/Frameworks",
				);
				MARKETING_VERSION = 1.0;
				PRODUCT_BUNDLE_IDENTIFIER = "com.jonathandlab.dev.Swift-Request";
				PRODUCT_NAME = "$(TARGET_NAME)";
				SWIFT_EMIT_LOC_STRINGS = YES;
				SWIFT_VERSION = 5.0;
				TARGETED_DEVICE_FAMILY = "1,2";
			};
			name = Debug;
		};
		2440A557276F9A2300943B06 /* Release */ = {
			isa = XCBuildConfiguration;
			buildSettings = {
				ASSETCATALOG_COMPILER_APPICON_NAME = AppIcon;
				ASSETCATALOG_COMPILER_GLOBAL_ACCENT_COLOR_NAME = AccentColor;
				CODE_SIGN_STYLE = Automatic;
				CURRENT_PROJECT_VERSION = 1;
				DEVELOPMENT_ASSET_PATHS = "\"Swift Request/Preview Content\"";
				DEVELOPMENT_TEAM = MBQ2JLQD83;
				ENABLE_PREVIEWS = YES;
				GENERATE_INFOPLIST_FILE = YES;
				INFOPLIST_KEY_UIApplicationSceneManifest_Generation = YES;
				INFOPLIST_KEY_UIApplicationSupportsIndirectInputEvents = YES;
				INFOPLIST_KEY_UILaunchScreen_Generation = YES;
				INFOPLIST_KEY_UISupportedInterfaceOrientations_iPad = "UIInterfaceOrientationPortrait UIInterfaceOrientationPortraitUpsideDown UIInterfaceOrientationLandscapeLeft UIInterfaceOrientationLandscapeRight";
				INFOPLIST_KEY_UISupportedInterfaceOrientations_iPhone = "UIInterfaceOrientationPortrait UIInterfaceOrientationLandscapeLeft UIInterfaceOrientationLandscapeRight";
				LD_RUNPATH_SEARCH_PATHS = (
					"$(inherited)",
					"@executable_path/Frameworks",
				);
				MARKETING_VERSION = 1.0;
				PRODUCT_BUNDLE_IDENTIFIER = "com.jonathandlab.dev.Swift-Request";
				PRODUCT_NAME = "$(TARGET_NAME)";
				SWIFT_EMIT_LOC_STRINGS = YES;
				SWIFT_VERSION = 5.0;
				TARGETED_DEVICE_FAMILY = "1,2";
			};
			name = Release;
		};
/* End XCBuildConfiguration section */

/* Begin XCConfigurationList section */
		2440A53D276F9A2200943B06 /* Build configuration list for PBXProject "Swift Request" */ = {
			isa = XCConfigurationList;
			buildConfigurations = (
				2440A553276F9A2300943B06 /* Debug */,
				2440A554276F9A2300943B06 /* Release */,
			);
			defaultConfigurationIsVisible = 0;
			defaultConfigurationName = Release;
		};
		2440A555276F9A2300943B06 /* Build configuration list for PBXNativeTarget "Swift Request" */ = {
			isa = XCConfigurationList;
			buildConfigurations = (
				2440A556276F9A2300943B06 /* Debug */,
				2440A557276F9A2300943B06 /* Release */,
			);
			defaultConfigurationIsVisible = 0;
			defaultConfigurationName = Release;
		};
/* End XCConfigurationList section */

/* Begin XCVersionGroup section */
		2440A550276F9A2300943B06 /* Swift_Request.xcdatamodeld */ = {
			isa = XCVersionGroup;
			children = (
				2440A551276F9A2300943B06 /* Swift_Request.xcdatamodel */,
			);
			currentVersion = 2440A551276F9A2300943B06 /* Swift_Request.xcdatamodel */;
			path = Swift_Request.xcdatamodeld;
			sourceTree = "<group>";
			versionGroupType = wrapper.xcdatamodel;
		};
/* End XCVersionGroup section */
	};
	rootObject = 2440A53A276F9A2200943B06 /* Project object */;
}
